
Microsoft Visual Studio Solution File, Format Version 12.00
# Visual Studio Version 17
VisualStudioVersion = 17.0.32112.339
MinimumVisualStudioVersion = 10.0.40219.1
Project("{FAE04EC0-301F-11D3-BF4B-00C04F79EFBC}") = "ConsoleApp1", "ConsoleApp1\ConsoleApp1.csproj", "{FAA0987C-3D59-4CB2-8222-30FE9529414E}"
EndProject
Global
	GlobalSection(SolutionConfigurationPlatforms) = preSolution
		Debug|Any CPU = Debug|Any CPU
		Release|Any CPU = Release|Any CPU
	EndGlobalSection
	GlobalSection(ProjectConfigurationPlatforms) = postSolution
		{FAA0987C-3D59-4CB2-8222-30FE9529414E}.Debug|Any CPU.ActiveCfg = Debug|Any CPU
		{FAA0987C-3D59-4CB2-8222-30FE9529414E}.Debug|Any CPU.Build.0 = Debug|Any CPU
		{FAA0987C-3D59-4CB2-8222-30FE9529414E}.Release|Any CPU.ActiveCfg = Release|Any CPU
		{FAA0987C-3D59-4CB2-8222-30FE9529414E}.Release|Any CPU.Build.0 = Release|Any CPU
	EndGlobalSection
	GlobalSection(SolutionProperties) = preSolution
		HideSolutionNode = FALSE
	EndGlobalSection
	GlobalSection(ExtensibilityGlobals) = postSolution
		SolutionGuid = {CCADAD57-6507-49CF-9FF5-5A58E7759507}
	EndGlobalSection
EndGlobal
