
Microsoft Visual Studio Solution File, Format Version 12.00
# Visual Studio Version 17
VisualStudioVersion = 17.0.32112.339
MinimumVisualStudioVersion = 10.0.40219.1
Project("{FAE04EC0-301F-11D3-BF4B-00C04F79EFBC}") = "KD4", "KD4\KD4.csproj", "{B3CDB929-AFEF-4DE6-9A6F-0B4E0863E72D}"
EndProject
Global
	GlobalSection(SolutionConfigurationPlatforms) = preSolution
		Debug|Any CPU = Debug|Any CPU
		Release|Any CPU = Release|Any CPU
	EndGlobalSection
	GlobalSection(ProjectConfigurationPlatforms) = postSolution
		{B3CDB929-AFEF-4DE6-9A6F-0B4E0863E72D}.Debug|Any CPU.ActiveCfg = Debug|Any CPU
		{B3CDB929-AFEF-4DE6-9A6F-0B4E0863E72D}.Debug|Any CPU.Build.0 = Debug|Any CPU
		{B3CDB929-AFEF-4DE6-9A6F-0B4E0863E72D}.Release|Any CPU.ActiveCfg = Release|Any CPU
		{B3CDB929-AFEF-4DE6-9A6F-0B4E0863E72D}.Release|Any CPU.Build.0 = Release|Any CPU
	EndGlobalSection
	GlobalSection(SolutionProperties) = preSolution
		HideSolutionNode = FALSE
	EndGlobalSection
	GlobalSection(ExtensibilityGlobals) = postSolution
		SolutionGuid = {CEB99120-80E7-4725-A728-9EFE839D1B00}
	EndGlobalSection
EndGlobal
